
Microsoft Visual Studio Solution File, Format Version 12.00
# Visual Studio Version 16
VisualStudioVersion = 16.0.31112.23
MinimumVisualStudioVersion = 10.0.40219.1
Project("{FAE04EC0-301F-11D3-BF4B-00C04F79EFBC}") = "GuessingNumber", "GuessingNumber\GuessingNumber.csproj", "{65D85F90-4E74-41EC-B4A7-4EAB56017095}"
EndProject
Global
	GlobalSection(SolutionConfigurationPlatforms) = preSolution
		Debug|Any CPU = Debug|Any CPU
		Release|Any CPU = Release|Any CPU
	EndGlobalSection
	GlobalSection(ProjectConfigurationPlatforms) = postSolution
		{65D85F90-4E74-41EC-B4A7-4EAB56017095}.Debug|Any CPU.ActiveCfg = Debug|Any CPU
		{65D85F90-4E74-41EC-B4A7-4EAB56017095}.Debug|Any CPU.Build.0 = Debug|Any CPU
		{65D85F90-4E74-41EC-B4A7-4EAB56017095}.Release|Any CPU.ActiveCfg = Release|Any CPU
		{65D85F90-4E74-41EC-B4A7-4EAB56017095}.Release|Any CPU.Build.0 = Release|Any CPU
	EndGlobalSection
	GlobalSection(SolutionProperties) = preSolution
		HideSolutionNode = FALSE
	EndGlobalSection
	GlobalSection(ExtensibilityGlobals) = postSolution
		SolutionGuid = {0696EF8C-D3D5-408B-9372-062A71972155}
	EndGlobalSection
EndGlobal
