
Microsoft Visual Studio Solution File, Format Version 12.00
# Visual Studio Version 16
VisualStudioVersion = 16.0.31112.23
MinimumVisualStudioVersion = 10.0.40219.1
Project("{FAE04EC0-301F-11D3-BF4B-00C04F79EFBC}") = "Employee", "Employee\Employee.csproj", "{EF8BA9B4-717C-4694-814A-E9BA3F556532}"
EndProject
Global
	GlobalSection(SolutionConfigurationPlatforms) = preSolution
		Debug|Any CPU = Debug|Any CPU
		Release|Any CPU = Release|Any CPU
	EndGlobalSection
	GlobalSection(ProjectConfigurationPlatforms) = postSolution
		{EF8BA9B4-717C-4694-814A-E9BA3F556532}.Debug|Any CPU.ActiveCfg = Debug|Any CPU
		{EF8BA9B4-717C-4694-814A-E9BA3F556532}.Debug|Any CPU.Build.0 = Debug|Any CPU
		{EF8BA9B4-717C-4694-814A-E9BA3F556532}.Release|Any CPU.ActiveCfg = Release|Any CPU
		{EF8BA9B4-717C-4694-814A-E9BA3F556532}.Release|Any CPU.Build.0 = Release|Any CPU
	EndGlobalSection
	GlobalSection(SolutionProperties) = preSolution
		HideSolutionNode = FALSE
	EndGlobalSection
	GlobalSection(ExtensibilityGlobals) = postSolution
		SolutionGuid = {DEAD88A8-C836-40A2-8235-F9DDD78D43FE}
	EndGlobalSection
EndGlobal
