
Microsoft Visual Studio Solution File, Format Version 12.00
# Visual Studio Version 16
VisualStudioVersion = 16.0.31112.23
MinimumVisualStudioVersion = 10.0.40219.1
Project("{FAE04EC0-301F-11D3-BF4B-00C04F79EFBC}") = "TestAccount", "TestAccount\TestAccount.csproj", "{84CC5C5E-E425-4CEC-83B9-71E9A7CB52C6}"
EndProject
Global
	GlobalSection(SolutionConfigurationPlatforms) = preSolution
		Debug|Any CPU = Debug|Any CPU
		Release|Any CPU = Release|Any CPU
	EndGlobalSection
	GlobalSection(ProjectConfigurationPlatforms) = postSolution
		{84CC5C5E-E425-4CEC-83B9-71E9A7CB52C6}.Debug|Any CPU.ActiveCfg = Debug|Any CPU
		{84CC5C5E-E425-4CEC-83B9-71E9A7CB52C6}.Debug|Any CPU.Build.0 = Debug|Any CPU
		{84CC5C5E-E425-4CEC-83B9-71E9A7CB52C6}.Release|Any CPU.ActiveCfg = Release|Any CPU
		{84CC5C5E-E425-4CEC-83B9-71E9A7CB52C6}.Release|Any CPU.Build.0 = Release|Any CPU
	EndGlobalSection
	GlobalSection(SolutionProperties) = preSolution
		HideSolutionNode = FALSE
	EndGlobalSection
	GlobalSection(ExtensibilityGlobals) = postSolution
		SolutionGuid = {44B4573B-3ED0-4E28-BEBB-660DF9F53889}
	EndGlobalSection
EndGlobal
