
Microsoft Visual Studio Solution File, Format Version 12.00
# Visual Studio Version 16
VisualStudioVersion = 16.0.31112.23
MinimumVisualStudioVersion = 10.0.40219.1
Project("{FAE04EC0-301F-11D3-BF4B-00C04F79EFBC}") = "Car", "Car\Car.csproj", "{FA5B1EA6-DC6B-47FC-9197-2C822062B76F}"
EndProject
Global
	GlobalSection(SolutionConfigurationPlatforms) = preSolution
		Debug|Any CPU = Debug|Any CPU
		Release|Any CPU = Release|Any CPU
	EndGlobalSection
	GlobalSection(ProjectConfigurationPlatforms) = postSolution
		{FA5B1EA6-DC6B-47FC-9197-2C822062B76F}.Debug|Any CPU.ActiveCfg = Debug|Any CPU
		{FA5B1EA6-DC6B-47FC-9197-2C822062B76F}.Debug|Any CPU.Build.0 = Debug|Any CPU
		{FA5B1EA6-DC6B-47FC-9197-2C822062B76F}.Release|Any CPU.ActiveCfg = Release|Any CPU
		{FA5B1EA6-DC6B-47FC-9197-2C822062B76F}.Release|Any CPU.Build.0 = Release|Any CPU
	EndGlobalSection
	GlobalSection(SolutionProperties) = preSolution
		HideSolutionNode = FALSE
	EndGlobalSection
	GlobalSection(ExtensibilityGlobals) = postSolution
		SolutionGuid = {E54B4B10-7837-435B-B658-F686A9F9B958}
	EndGlobalSection
EndGlobal
