
Microsoft Visual Studio Solution File, Format Version 12.00
# Visual Studio Version 16
VisualStudioVersion = 16.0.31112.23
MinimumVisualStudioVersion = 10.0.40219.1
Project("{FAE04EC0-301F-11D3-BF4B-00C04F79EFBC}") = "ConsoleApp3", "ConsoleApp3\ConsoleApp3.csproj", "{E0EA9F05-B949-41BF-9F5C-00EB537FB13E}"
EndProject
Global
	GlobalSection(SolutionConfigurationPlatforms) = preSolution
		Debug|Any CPU = Debug|Any CPU
		Release|Any CPU = Release|Any CPU
	EndGlobalSection
	GlobalSection(ProjectConfigurationPlatforms) = postSolution
		{E0EA9F05-B949-41BF-9F5C-00EB537FB13E}.Debug|Any CPU.ActiveCfg = Debug|Any CPU
		{E0EA9F05-B949-41BF-9F5C-00EB537FB13E}.Debug|Any CPU.Build.0 = Debug|Any CPU
		{E0EA9F05-B949-41BF-9F5C-00EB537FB13E}.Release|Any CPU.ActiveCfg = Release|Any CPU
		{E0EA9F05-B949-41BF-9F5C-00EB537FB13E}.Release|Any CPU.Build.0 = Release|Any CPU
	EndGlobalSection
	GlobalSection(SolutionProperties) = preSolution
		HideSolutionNode = FALSE
	EndGlobalSection
	GlobalSection(ExtensibilityGlobals) = postSolution
		SolutionGuid = {C2A5720C-766D-427E-AE88-049553F46B23}
	EndGlobalSection
EndGlobal
