
Microsoft Visual Studio Solution File, Format Version 12.00
# Visual Studio Version 16
VisualStudioVersion = 16.0.31105.61
MinimumVisualStudioVersion = 10.0.40219.1
Project("{FAE04EC0-301F-11D3-BF4B-00C04F79EFBC}") = "ExampleTesting", "ExampleTesting\ExampleTesting.csproj", "{CE72ED13-68AD-412A-910F-25820A486344}"
EndProject
Global
	GlobalSection(SolutionConfigurationPlatforms) = preSolution
		Debug|Any CPU = Debug|Any CPU
		Release|Any CPU = Release|Any CPU
	EndGlobalSection
	GlobalSection(ProjectConfigurationPlatforms) = postSolution
		{CE72ED13-68AD-412A-910F-25820A486344}.Debug|Any CPU.ActiveCfg = Debug|Any CPU
		{CE72ED13-68AD-412A-910F-25820A486344}.Debug|Any CPU.Build.0 = Debug|Any CPU
		{CE72ED13-68AD-412A-910F-25820A486344}.Release|Any CPU.ActiveCfg = Release|Any CPU
		{CE72ED13-68AD-412A-910F-25820A486344}.Release|Any CPU.Build.0 = Release|Any CPU
	EndGlobalSection
	GlobalSection(SolutionProperties) = preSolution
		HideSolutionNode = FALSE
	EndGlobalSection
	GlobalSection(ExtensibilityGlobals) = postSolution
		SolutionGuid = {945C8987-F8C5-4F7A-8689-D9269B45AE1E}
	EndGlobalSection
EndGlobal
