
Microsoft Visual Studio Solution File, Format Version 12.00
# Visual Studio Version 16
VisualStudioVersion = 16.0.31112.23
MinimumVisualStudioVersion = 10.0.40219.1
Project("{FAE04EC0-301F-11D3-BF4B-00C04F79EFBC}") = "DIvisibleFour", "DIvisibleFour\DIvisibleFour.csproj", "{B414F9B6-BDFD-4D18-B292-437C7A81F72E}"
EndProject
Global
	GlobalSection(SolutionConfigurationPlatforms) = preSolution
		Debug|Any CPU = Debug|Any CPU
		Release|Any CPU = Release|Any CPU
	EndGlobalSection
	GlobalSection(ProjectConfigurationPlatforms) = postSolution
		{B414F9B6-BDFD-4D18-B292-437C7A81F72E}.Debug|Any CPU.ActiveCfg = Debug|Any CPU
		{B414F9B6-BDFD-4D18-B292-437C7A81F72E}.Debug|Any CPU.Build.0 = Debug|Any CPU
		{B414F9B6-BDFD-4D18-B292-437C7A81F72E}.Release|Any CPU.ActiveCfg = Release|Any CPU
		{B414F9B6-BDFD-4D18-B292-437C7A81F72E}.Release|Any CPU.Build.0 = Release|Any CPU
	EndGlobalSection
	GlobalSection(SolutionProperties) = preSolution
		HideSolutionNode = FALSE
	EndGlobalSection
	GlobalSection(ExtensibilityGlobals) = postSolution
		SolutionGuid = {DA0A7DB1-A29A-487B-9462-8926FE3CD00F}
	EndGlobalSection
EndGlobal
