
Microsoft Visual Studio Solution File, Format Version 12.00
# Visual Studio Version 16
VisualStudioVersion = 16.0.31025.194
MinimumVisualStudioVersion = 10.0.40219.1
Project("{FAE04EC0-301F-11D3-BF4B-00C04F79EFBC}") = "1.1", "1.1\1.1.csproj", "{89072120-B3AB-4CDB-9211-F57B0A13FE81}"
EndProject
Global
	GlobalSection(SolutionConfigurationPlatforms) = preSolution
		Debug|Any CPU = Debug|Any CPU
		Release|Any CPU = Release|Any CPU
	EndGlobalSection
	GlobalSection(ProjectConfigurationPlatforms) = postSolution
		{89072120-B3AB-4CDB-9211-F57B0A13FE81}.Debug|Any CPU.ActiveCfg = Debug|Any CPU
		{89072120-B3AB-4CDB-9211-F57B0A13FE81}.Debug|Any CPU.Build.0 = Debug|Any CPU
		{89072120-B3AB-4CDB-9211-F57B0A13FE81}.Release|Any CPU.ActiveCfg = Release|Any CPU
		{89072120-B3AB-4CDB-9211-F57B0A13FE81}.Release|Any CPU.Build.0 = Release|Any CPU
	EndGlobalSection
	GlobalSection(SolutionProperties) = preSolution
		HideSolutionNode = FALSE
	EndGlobalSection
	GlobalSection(ExtensibilityGlobals) = postSolution
		SolutionGuid = {11693D86-A4FE-47AA-ACE3-9A74801B0E3A}
	EndGlobalSection
EndGlobal
